// !$*UTF8*$!
{
	archiveVersion = 1;
	classes = {
	};
	objectVersion = 46;
	objects = {

/* Begin PBXBuildFile section */
		39AC69C72FD54216405BA482 /* Pods_APValidators_Tests.framework in Frameworks */ = {isa = PBXBuildFile; fileRef = 1604A375057A9C7A1D15BCA4 /* Pods_APValidators_Tests.framework */; };
		6003F58E195388D20070C39A /* Foundation.framework in Frameworks */ = {isa = PBXBuildFile; fileRef = 6003F58D195388D20070C39A /* Foundation.framework */; };
		6003F590195388D20070C39A /* CoreGraphics.framework in Frameworks */ = {isa = PBXBuildFile; fileRef = 6003F58F195388D20070C39A /* CoreGraphics.framework */; };
		6003F592195388D20070C39A /* UIKit.framework in Frameworks */ = {isa = PBXBuildFile; fileRef = 6003F591195388D20070C39A /* UIKit.framework */; };
		6003F598195388D20070C39A /* InfoPlist.strings in Resources */ = {isa = PBXBuildFile; fileRef = 6003F596195388D20070C39A /* InfoPlist.strings */; };
		6003F59A195388D20070C39A /* main.m in Sources */ = {isa = PBXBuildFile; fileRef = 6003F599195388D20070C39A /* main.m */; };
		6003F59E195388D20070C39A /* APAppDelegate.m in Sources */ = {isa = PBXBuildFile; fileRef = 6003F59D195388D20070C39A /* APAppDelegate.m */; };
		6003F5A9195388D20070C39A /* Images.xcassets in Resources */ = {isa = PBXBuildFile; fileRef = 6003F5A8195388D20070C39A /* Images.xcassets */; };
		6003F5B0195388D20070C39A /* XCTest.framework in Frameworks */ = {isa = PBXBuildFile; fileRef = 6003F5AF195388D20070C39A /* XCTest.framework */; };
		6003F5B1195388D20070C39A /* Foundation.framework in Frameworks */ = {isa = PBXBuildFile; fileRef = 6003F58D195388D20070C39A /* Foundation.framework */; };
		6003F5B2195388D20070C39A /* UIKit.framework in Frameworks */ = {isa = PBXBuildFile; fileRef = 6003F591195388D20070C39A /* UIKit.framework */; };
		6003F5BA195388D20070C39A /* InfoPlist.strings in Resources */ = {isa = PBXBuildFile; fileRef = 6003F5B8195388D20070C39A /* InfoPlist.strings */; };
		7136EB2F1C96F999006F1EBA /* Launch Screen.storyboard in Resources */ = {isa = PBXBuildFile; fileRef = 7136EB2E1C96F999006F1EBA /* Launch Screen.storyboard */; };
		71535CA51CBE4B7E00A946D6 /* ZipRegex.plist in Resources */ = {isa = PBXBuildFile; fileRef = 71535CA41CBE4B7E00A946D6 /* ZipRegex.plist */; };
		716CBD5C1C970FAF00C02C33 /* APCharactersCountValidator.m in Sources */ = {isa = PBXBuildFile; fileRef = 716CBD4B1C970FAF00C02C33 /* APCharactersCountValidator.m */; };
		716CBD601C970FAF00C02C33 /* APEmailValidator.m in Sources */ = {isa = PBXBuildFile; fileRef = 716CBD531C970FAF00C02C33 /* APEmailValidator.m */; };
		716CBD611C970FAF00C02C33 /* APRegexValidator.m in Sources */ = {isa = PBXBuildFile; fileRef = 716CBD551C970FAF00C02C33 /* APRegexValidator.m */; };
		716CBD621C970FAF00C02C33 /* APValidator.m in Sources */ = {isa = PBXBuildFile; fileRef = 716CBD571C970FAF00C02C33 /* APValidator.m */; };
		716CBD631C970FAF00C02C33 /* UITextField+APValidators.m in Sources */ = {isa = PBXBuildFile; fileRef = 716CBD5A1C970FAF00C02C33 /* UITextField+APValidators.m */; };
		716CBD661C99703400C02C33 /* APEqualStringValidator.m in Sources */ = {isa = PBXBuildFile; fileRef = 716CBD651C99703400C02C33 /* APEqualStringValidator.m */; };
		873B8AEB1B1F5CCA007FD442 /* Main.storyboard in Resources */ = {isa = PBXBuildFile; fileRef = 873B8AEA1B1F5CCA007FD442 /* Main.storyboard */; };
		B65530777BC9D87FF5857268 /* APStringValidator.m in Sources */ = {isa = PBXBuildFile; fileRef = B655345F83751FE8F168EBFF /* APStringValidator.m */; };
		B65530AEDF65DBB909104E3B /* APViewController+Alerts.m in Sources */ = {isa = PBXBuildFile; fileRef = B65534F7EF453C3C5579398A /* APViewController+Alerts.m */; };
		B65530CF57395F19D9952E44 /* APCountryRegexProviderTests.m in Sources */ = {isa = PBXBuildFile; fileRef = B6553139721B7B9F9A0D3481 /* APCountryRegexProviderTests.m */; };
		B655312A8048620D322D0BB2 /* APCreditCardValidatorTests.m in Sources */ = {isa = PBXBuildFile; fileRef = B65533CCF2A0951E5D3CA153 /* APCreditCardValidatorTests.m */; };
		B6553163696DA033BFC70601 /* APCompoundValidatorTests.m in Sources */ = {isa = PBXBuildFile; fileRef = B655399C81871529BD9FB901 /* APCompoundValidatorTests.m */; };
		B655318A1D47AD9E4A4CDD97 /* NSPredicate+APValidators.m in Sources */ = {isa = PBXBuildFile; fileRef = B655338CEA9147E9B765F182 /* NSPredicate+APValidators.m */; };
		B65531F151FD57BD7B347DBC /* APCardExpiresTextField.m in Sources */ = {isa = PBXBuildFile; fileRef = B65533D2AD051C2DC5C6B7A8 /* APCardExpiresTextField.m */; };
		B65532D0EC3447F6FD4DAD21 /* APZipValidator.m in Sources */ = {isa = PBXBuildFile; fileRef = B6553FC0CCD39A03E5091652 /* APZipValidator.m */; };
		B65533C11DD3C535B3EFCDBD /* APRegexValidatorTests.m in Sources */ = {isa = PBXBuildFile; fileRef = B65538688F9BFE60244A59C0 /* APRegexValidatorTests.m */; };
		B65534D3C3C918CFB38158FF /* APValidatorTests.m in Sources */ = {isa = PBXBuildFile; fileRef = B65537501B942649A38950F0 /* APValidatorTests.m */; };
		B65536264FE0648C827B00BD /* APValidator+SubclassesOnly.m in Sources */ = {isa = PBXBuildFile; fileRef = B6553C46BA355AF730BE9D6D /* APValidator+SubclassesOnly.m */; };
		B655368CB1EF87DD5EEAFCE2 /* APCompoundValidator.m in Sources */ = {isa = PBXBuildFile; fileRef = 716CBD4F1C970FAF00C02C33 /* APCompoundValidator.m */; };
		B65536C64582DDC95563E5EE /* APBlockValidator.m in Sources */ = {isa = PBXBuildFile; fileRef = B655316B292FBABDEF813059 /* APBlockValidator.m */; };
		B65537C056E0C164E1926A77 /* UITextView+APValidators.m in Sources */ = {isa = PBXBuildFile; fileRef = B6553C17E26966AC5CAE1112 /* UITextView+APValidators.m */; };
		B655386BEB86B7F1A198C714 /* APValidatorsUITextFieldTests.m in Sources */ = {isa = PBXBuildFile; fileRef = B6553721054E6EA388E92E5E /* APValidatorsUITextFieldTests.m */; };
		B65538C377E5601D87EB0CAD /* APCreditCardValidator.m in Sources */ = {isa = PBXBuildFile; fileRef = 716CBD511C970FAF00C02C33 /* APCreditCardValidator.m */; };
		B65538E08B96ED3D3F42C0B0 /* APEqualValidatorTests.m in Sources */ = {isa = PBXBuildFile; fileRef = B6553E31064586C50D75B165 /* APEqualValidatorTests.m */; };
		B65539F60D47CF2E079EF1DB /* APCharactersCountValidatorTests.m in Sources */ = {isa = PBXBuildFile; fileRef = B65530B6B34785C286999A63 /* APCharactersCountValidatorTests.m */; };
		B65539FD2267326E8BF37F8D /* APStringValidatorTestCase.m in Sources */ = {isa = PBXBuildFile; fileRef = B6553C2EAD833891B710E460 /* APStringValidatorTestCase.m */; };
		B6553AC6BB406B959B1DD36D /* APKeyboardController.m in Sources */ = {isa = PBXBuildFile; fileRef = B655340E09885D5DA6C77BA4 /* APKeyboardController.m */; };
		B6553ACDF6EAD5A7A289E379 /* APValidatorsUITextViewTests.m in Sources */ = {isa = PBXBuildFile; fileRef = B6553B9CE69BF6C7A1FFD1AA /* APValidatorsUITextViewTests.m */; };
		B6553C6CDD1E31E0E459D41D /* APViewController.m in Sources */ = {isa = PBXBuildFile; fileRef = B6553F073C7E5C42E95E294D /* APViewController.m */; };
		B6553C7BFC7C958EB5942028 /* APRequiredValidatorTests.m in Sources */ = {isa = PBXBuildFile; fileRef = B65532338D23C1A1FAABED8D /* APRequiredValidatorTests.m */; };
		B6553CA4FF57A977650ADCF2 /* APIndicatorView.m in Sources */ = {isa = PBXBuildFile; fileRef = B65531FC491768F0C953417D /* APIndicatorView.m */; };
		B6553CFEAE3C90B43336FE9D /* APCVVTextField.m in Sources */ = {isa = PBXBuildFile; fileRef = B6553CC52A34271BEEFF1154 /* APCVVTextField.m */; };
		B6553D4AE3D8A2E9E26E5B8C /* APBlockValidatorTests.m in Sources */ = {isa = PBXBuildFile; fileRef = B6553C9580574E5570EAA9CE /* APBlockValidatorTests.m */; };
		B6553D9222228ED18F246DA2 /* APEmailValidatorTests.m in Sources */ = {isa = PBXBuildFile; fileRef = B6553A3ABEC2D5322C31DDF4 /* APEmailValidatorTests.m */; };
		B6553E312870D8AF3A4D3BC2 /* APZipValidatorTests.m in Sources */ = {isa = PBXBuildFile; fileRef = B65536404B19F0DA0CF93613 /* APZipValidatorTests.m */; };
		B6553EAFE64C1BDA1FC21E99 /* APRequiredValidator.m in Sources */ = {isa = PBXBuildFile; fileRef = B65530AE48524DF93BDDD72A /* APRequiredValidator.m */; };
		B6553ED1D41D5F13D45D1E2C /* APCountryRegexProvider.m in Sources */ = {isa = PBXBuildFile; fileRef = B6553084F937A06C173C51EC /* APCountryRegexProvider.m */; };
/* End PBXBuildFile section */

/* Begin PBXContainerItemProxy section */
		6003F5B3195388D20070C39A /* PBXContainerItemProxy */ = {
			isa = PBXContainerItemProxy;
			containerPortal = 6003F582195388D10070C39A /* Project object */;
			proxyType = 1;
			remoteGlobalIDString = 6003F589195388D20070C39A;
			remoteInfo = APValidators;
		};
/* End PBXContainerItemProxy section */

/* Begin PBXFileReference section */
		0C44145423E492F905A190EA /* README.md */ = {isa = PBXFileReference; includeInIndex = 1; lastKnownFileType = net.daringfireball.markdown; name = README.md; path = ../README.md; sourceTree = "<group>"; };
		1604A375057A9C7A1D15BCA4 /* Pods_APValidators_Tests.framework */ = {isa = PBXFileReference; explicitFileType = wrapper.framework; includeInIndex = 0; path = Pods_APValidators_Tests.framework; sourceTree = BUILT_PRODUCTS_DIR; };
		1817A4421B0A40F6CAD4EC0D /* LICENSE */ = {isa = PBXFileReference; includeInIndex = 1; lastKnownFileType = text; name = LICENSE; path = ../LICENSE; sourceTree = "<group>"; };
		598D4B66BCD0A915121EB6F9 /* Pods-APValidators_Tests.debug.xcconfig */ = {isa = PBXFileReference; includeInIndex = 1; lastKnownFileType = text.xcconfig; name = "Pods-APValidators_Tests.debug.xcconfig"; path = "Pods/Target Support Files/Pods-APValidators_Tests/Pods-APValidators_Tests.debug.xcconfig"; sourceTree = "<group>"; };
		6003F58A195388D20070C39A /* APValidators_Example.app */ = {isa = PBXFileReference; explicitFileType = wrapper.application; includeInIndex = 0; path = APValidators_Example.app; sourceTree = BUILT_PRODUCTS_DIR; };
		6003F58D195388D20070C39A /* Foundation.framework */ = {isa = PBXFileReference; lastKnownFileType = wrapper.framework; name = Foundation.framework; path = System/Library/Frameworks/Foundation.framework; sourceTree = SDKROOT; };
		6003F58F195388D20070C39A /* CoreGraphics.framework */ = {isa = PBXFileReference; lastKnownFileType = wrapper.framework; name = CoreGraphics.framework; path = System/Library/Frameworks/CoreGraphics.framework; sourceTree = SDKROOT; };
		6003F591195388D20070C39A /* UIKit.framework */ = {isa = PBXFileReference; lastKnownFileType = wrapper.framework; name = UIKit.framework; path = System/Library/Frameworks/UIKit.framework; sourceTree = SDKROOT; };
		6003F595195388D20070C39A /* APValidators-Info.plist */ = {isa = PBXFileReference; lastKnownFileType = text.plist.xml; path = "APValidators-Info.plist"; sourceTree = "<group>"; };
		6003F597195388D20070C39A /* en */ = {isa = PBXFileReference; lastKnownFileType = text.plist.strings; name = en; path = en.lproj/InfoPlist.strings; sourceTree = "<group>"; };
		6003F599195388D20070C39A /* main.m */ = {isa = PBXFileReference; lastKnownFileType = sourcecode.c.objc; path = main.m; sourceTree = "<group>"; };
		6003F59B195388D20070C39A /* APValidators-Prefix.pch */ = {isa = PBXFileReference; lastKnownFileType = sourcecode.c.h; path = "APValidators-Prefix.pch"; sourceTree = "<group>"; };
		6003F59C195388D20070C39A /* APAppDelegate.h */ = {isa = PBXFileReference; lastKnownFileType = sourcecode.c.h; path = APAppDelegate.h; sourceTree = "<group>"; };
		6003F59D195388D20070C39A /* APAppDelegate.m */ = {isa = PBXFileReference; lastKnownFileType = sourcecode.c.objc; path = APAppDelegate.m; sourceTree = "<group>"; };
		6003F5A8195388D20070C39A /* Images.xcassets */ = {isa = PBXFileReference; lastKnownFileType = folder.assetcatalog; path = Images.xcassets; sourceTree = "<group>"; };
		6003F5AE195388D20070C39A /* APValidators_Tests.xctest */ = {isa = PBXFileReference; explicitFileType = wrapper.cfbundle; includeInIndex = 0; path = APValidators_Tests.xctest; sourceTree = BUILT_PRODUCTS_DIR; };
		6003F5AF195388D20070C39A /* XCTest.framework */ = {isa = PBXFileReference; lastKnownFileType = wrapper.framework; name = XCTest.framework; path = Library/Frameworks/XCTest.framework; sourceTree = DEVELOPER_DIR; };
		6003F5B7195388D20070C39A /* Tests-Info.plist */ = {isa = PBXFileReference; lastKnownFileType = text.plist.xml; path = "Tests-Info.plist"; sourceTree = "<group>"; };
		6003F5B9195388D20070C39A /* en */ = {isa = PBXFileReference; lastKnownFileType = text.plist.strings; name = en; path = en.lproj/InfoPlist.strings; sourceTree = "<group>"; };
		606FC2411953D9B200FFA9A0 /* Tests-Prefix.pch */ = {isa = PBXFileReference; lastKnownFileType = sourcecode.c.h; path = "Tests-Prefix.pch"; sourceTree = "<group>"; };
		7136EB2E1C96F999006F1EBA /* Launch Screen.storyboard */ = {isa = PBXFileReference; fileEncoding = 4; lastKnownFileType = file.storyboard; path = "Launch Screen.storyboard"; sourceTree = "<group>"; };
		71535CA41CBE4B7E00A946D6 /* ZipRegex.plist */ = {isa = PBXFileReference; fileEncoding = 4; lastKnownFileType = text.plist.xml; path = ZipRegex.plist; sourceTree = "<group>"; };
		716CBD4A1C970FAF00C02C33 /* APCharactersCountValidator.h */ = {isa = PBXFileReference; fileEncoding = 4; lastKnownFileType = sourcecode.c.h; path = APCharactersCountValidator.h; sourceTree = "<group>"; };
		716CBD4B1C970FAF00C02C33 /* APCharactersCountValidator.m */ = {isa = PBXFileReference; fileEncoding = 4; lastKnownFileType = sourcecode.c.objc; path = APCharactersCountValidator.m; sourceTree = "<group>"; };
		716CBD4E1C970FAF00C02C33 /* APCompoundValidator.h */ = {isa = PBXFileReference; fileEncoding = 4; lastKnownFileType = sourcecode.c.h; path = APCompoundValidator.h; sourceTree = "<group>"; };
		716CBD4F1C970FAF00C02C33 /* APCompoundValidator.m */ = {isa = PBXFileReference; fileEncoding = 4; lastKnownFileType = sourcecode.c.objc; path = APCompoundValidator.m; sourceTree = "<group>"; };
		716CBD501C970FAF00C02C33 /* APCreditCardValidator.h */ = {isa = PBXFileReference; fileEncoding = 4; lastKnownFileType = sourcecode.c.h; path = APCreditCardValidator.h; sourceTree = "<group>"; };
		716CBD511C970FAF00C02C33 /* APCreditCardValidator.m */ = {isa = PBXFileReference; fileEncoding = 4; lastKnownFileType = sourcecode.c.objc; path = APCreditCardValidator.m; sourceTree = "<group>"; };
		716CBD521C970FAF00C02C33 /* APEmailValidator.h */ = {isa = PBXFileReference; fileEncoding = 4; lastKnownFileType = sourcecode.c.h; path = APEmailValidator.h; sourceTree = "<group>"; };
		716CBD531C970FAF00C02C33 /* APEmailValidator.m */ = {isa = PBXFileReference; fileEncoding = 4; lastKnownFileType = sourcecode.c.objc; path = APEmailValidator.m; sourceTree = "<group>"; };
		716CBD541C970FAF00C02C33 /* APRegexValidator.h */ = {isa = PBXFileReference; fileEncoding = 4; lastKnownFileType = sourcecode.c.h; path = APRegexValidator.h; sourceTree = "<group>"; };
		716CBD551C970FAF00C02C33 /* APRegexValidator.m */ = {isa = PBXFileReference; fileEncoding = 4; lastKnownFileType = sourcecode.c.objc; path = APRegexValidator.m; sourceTree = "<group>"; };
		716CBD561C970FAF00C02C33 /* APValidator.h */ = {isa = PBXFileReference; fileEncoding = 4; lastKnownFileType = sourcecode.c.h; path = APValidator.h; sourceTree = "<group>"; };
		716CBD571C970FAF00C02C33 /* APValidator.m */ = {isa = PBXFileReference; fileEncoding = 4; lastKnownFileType = sourcecode.c.objc; path = APValidator.m; sourceTree = "<group>"; };
		716CBD591C970FAF00C02C33 /* UITextField+APValidators.h */ = {isa = PBXFileReference; fileEncoding = 4; lastKnownFileType = sourcecode.c.h; path = "UITextField+APValidators.h"; sourceTree = "<group>"; };
		716CBD5A1C970FAF00C02C33 /* UITextField+APValidators.m */ = {isa = PBXFileReference; fileEncoding = 4; lastKnownFileType = sourcecode.c.objc; path = "UITextField+APValidators.m"; sourceTree = "<group>"; };
		716CBD641C99703400C02C33 /* APEqualStringValidator.h */ = {isa = PBXFileReference; fileEncoding = 4; lastKnownFileType = sourcecode.c.h; path = APEqualStringValidator.h; sourceTree = "<group>"; };
		716CBD651C99703400C02C33 /* APEqualStringValidator.m */ = {isa = PBXFileReference; fileEncoding = 4; lastKnownFileType = sourcecode.c.objc; path = APEqualStringValidator.m; sourceTree = "<group>"; };
		873B8AEA1B1F5CCA007FD442 /* Main.storyboard */ = {isa = PBXFileReference; fileEncoding = 4; lastKnownFileType = file.storyboard; path = Main.storyboard; sourceTree = "<group>"; };
		B6553051497E2C5E98D4EF99 /* APValidator+SubclassesOnly.h */ = {isa = PBXFileReference; fileEncoding = 4; lastKnownFileType = sourcecode.c.h; path = "APValidator+SubclassesOnly.h"; sourceTree = "<group>"; };
		B6553084F937A06C173C51EC /* APCountryRegexProvider.m */ = {isa = PBXFileReference; fileEncoding = 4; lastKnownFileType = sourcecode.c.objc; path = APCountryRegexProvider.m; sourceTree = "<group>"; };
		B65530A2E002C675EF73D6FA /* APStringValidatorTestCase.h */ = {isa = PBXFileReference; fileEncoding = 4; lastKnownFileType = sourcecode.c.h; path = APStringValidatorTestCase.h; sourceTree = "<group>"; };
		B65530AE48524DF93BDDD72A /* APRequiredValidator.m */ = {isa = PBXFileReference; fileEncoding = 4; lastKnownFileType = sourcecode.c.objc; path = APRequiredValidator.m; sourceTree = "<group>"; };
		B65530B6B34785C286999A63 /* APCharactersCountValidatorTests.m */ = {isa = PBXFileReference; fileEncoding = 4; lastKnownFileType = sourcecode.c.objc; path = APCharactersCountValidatorTests.m; sourceTree = "<group>"; };
		B65530FECCE3AA2DF5BC18B4 /* APViewController+Alerts.h */ = {isa = PBXFileReference; fileEncoding = 4; lastKnownFileType = sourcecode.c.h; path = "APViewController+Alerts.h"; sourceTree = "<group>"; };
		B6553139721B7B9F9A0D3481 /* APCountryRegexProviderTests.m */ = {isa = PBXFileReference; fileEncoding = 4; lastKnownFileType = sourcecode.c.objc; path = APCountryRegexProviderTests.m; sourceTree = "<group>"; };
		B655316B292FBABDEF813059 /* APBlockValidator.m */ = {isa = PBXFileReference; fileEncoding = 4; lastKnownFileType = sourcecode.c.objc; path = APBlockValidator.m; sourceTree = "<group>"; };
		B65531D54DA0976AD8408C27 /* APKeyboardController.h */ = {isa = PBXFileReference; fileEncoding = 4; lastKnownFileType = sourcecode.c.h; path = APKeyboardController.h; sourceTree = "<group>"; };
		B65531FC491768F0C953417D /* APIndicatorView.m */ = {isa = PBXFileReference; fileEncoding = 4; lastKnownFileType = sourcecode.c.objc; path = APIndicatorView.m; sourceTree = "<group>"; };
		B65532338D23C1A1FAABED8D /* APRequiredValidatorTests.m */ = {isa = PBXFileReference; fileEncoding = 4; lastKnownFileType = sourcecode.c.objc; path = APRequiredValidatorTests.m; sourceTree = "<group>"; };
		B655328725641B60EEB6FBAE /* APViewController.h */ = {isa = PBXFileReference; fileEncoding = 4; lastKnownFileType = sourcecode.c.h; path = APViewController.h; sourceTree = "<group>"; };
		B655338CEA9147E9B765F182 /* NSPredicate+APValidators.m */ = {isa = PBXFileReference; fileEncoding = 4; lastKnownFileType = sourcecode.c.objc; path = "NSPredicate+APValidators.m"; sourceTree = "<group>"; };
		B65533CCF2A0951E5D3CA153 /* APCreditCardValidatorTests.m */ = {isa = PBXFileReference; fileEncoding = 4; lastKnownFileType = sourcecode.c.objc; path = APCreditCardValidatorTests.m; sourceTree = "<group>"; };
		B65533D2AD051C2DC5C6B7A8 /* APCardExpiresTextField.m */ = {isa = PBXFileReference; fileEncoding = 4; lastKnownFileType = sourcecode.c.objc; path = APCardExpiresTextField.m; sourceTree = "<group>"; };
		B655340E09885D5DA6C77BA4 /* APKeyboardController.m */ = {isa = PBXFileReference; fileEncoding = 4; lastKnownFileType = sourcecode.c.objc; path = APKeyboardController.m; sourceTree = "<group>"; };
		B655345F83751FE8F168EBFF /* APStringValidator.m */ = {isa = PBXFileReference; fileEncoding = 4; lastKnownFileType = sourcecode.c.objc; path = APStringValidator.m; sourceTree = "<group>"; };
		B65534CADDE78DE42E40536B /* APIndicatorView.h */ = {isa = PBXFileReference; fileEncoding = 4; lastKnownFileType = sourcecode.c.h; path = APIndicatorView.h; sourceTree = "<group>"; };
		B65534F7EF453C3C5579398A /* APViewController+Alerts.m */ = {isa = PBXFileReference; fileEncoding = 4; lastKnownFileType = sourcecode.c.objc; path = "APViewController+Alerts.m"; sourceTree = "<group>"; };
		B6553585B534AD271DEEF8A8 /* APStringValidator.h */ = {isa = PBXFileReference; fileEncoding = 4; lastKnownFileType = sourcecode.c.h; path = APStringValidator.h; sourceTree = "<group>"; };
		B655362049D0B57F1E996EC6 /* APBlockValidator.h */ = {isa = PBXFileReference; fileEncoding = 4; lastKnownFileType = sourcecode.c.h; path = APBlockValidator.h; sourceTree = "<group>"; };
		B65536404B19F0DA0CF93613 /* APZipValidatorTests.m */ = {isa = PBXFileReference; fileEncoding = 4; lastKnownFileType = sourcecode.c.objc; path = APZipValidatorTests.m; sourceTree = "<group>"; };
		B65536688DBA4CBE51B70E8E /* APZipValidator.h */ = {isa = PBXFileReference; fileEncoding = 4; lastKnownFileType = sourcecode.c.h; path = APZipValidator.h; sourceTree = "<group>"; };
		B6553721054E6EA388E92E5E /* APValidatorsUITextFieldTests.m */ = {isa = PBXFileReference; fileEncoding = 4; lastKnownFileType = sourcecode.c.objc; path = APValidatorsUITextFieldTests.m; sourceTree = "<group>"; };
		B65537346CFB72499D9D2872 /* APCardExpiresTextField.h */ = {isa = PBXFileReference; fileEncoding = 4; lastKnownFileType = sourcecode.c.h; path = APCardExpiresTextField.h; sourceTree = "<group>"; };
		B65537501B942649A38950F0 /* APValidatorTests.m */ = {isa = PBXFileReference; fileEncoding = 4; lastKnownFileType = sourcecode.c.objc; path = APValidatorTests.m; sourceTree = "<group>"; };
		B6553817455B8348BBE15914 /* APCVVTextField.h */ = {isa = PBXFileReference; fileEncoding = 4; lastKnownFileType = sourcecode.c.h; path = APCVVTextField.h; sourceTree = "<group>"; };
		B65538688F9BFE60244A59C0 /* APRegexValidatorTests.m */ = {isa = PBXFileReference; fileEncoding = 4; lastKnownFileType = sourcecode.c.objc; path = APRegexValidatorTests.m; sourceTree = "<group>"; };
		B655399C81871529BD9FB901 /* APCompoundValidatorTests.m */ = {isa = PBXFileReference; fileEncoding = 4; lastKnownFileType = sourcecode.c.objc; path = APCompoundValidatorTests.m; sourceTree = "<group>"; };
		B6553A3ABEC2D5322C31DDF4 /* APEmailValidatorTests.m */ = {isa = PBXFileReference; fileEncoding = 4; lastKnownFileType = sourcecode.c.objc; path = APEmailValidatorTests.m; sourceTree = "<group>"; };
		B6553B2E185C248D5B860336 /* APRequiredValidator.h */ = {isa = PBXFileReference; fileEncoding = 4; lastKnownFileType = sourcecode.c.h; path = APRequiredValidator.h; sourceTree = "<group>"; };
		B6553B9CE69BF6C7A1FFD1AA /* APValidatorsUITextViewTests.m */ = {isa = PBXFileReference; fileEncoding = 4; lastKnownFileType = sourcecode.c.objc; path = APValidatorsUITextViewTests.m; sourceTree = "<group>"; };
		B6553C17E26966AC5CAE1112 /* UITextView+APValidators.m */ = {isa = PBXFileReference; fileEncoding = 4; lastKnownFileType = sourcecode.c.objc; path = "UITextView+APValidators.m"; sourceTree = "<group>"; };
		B6553C2EAD833891B710E460 /* APStringValidatorTestCase.m */ = {isa = PBXFileReference; fileEncoding = 4; lastKnownFileType = sourcecode.c.objc; path = APStringValidatorTestCase.m; sourceTree = "<group>"; };
		B6553C46BA355AF730BE9D6D /* APValidator+SubclassesOnly.m */ = {isa = PBXFileReference; fileEncoding = 4; lastKnownFileType = sourcecode.c.objc; path = "APValidator+SubclassesOnly.m"; sourceTree = "<group>"; };
		B6553C9580574E5570EAA9CE /* APBlockValidatorTests.m */ = {isa = PBXFileReference; fileEncoding = 4; lastKnownFileType = sourcecode.c.objc; path = APBlockValidatorTests.m; sourceTree = "<group>"; };
		B6553CC52A34271BEEFF1154 /* APCVVTextField.m */ = {isa = PBXFileReference; fileEncoding = 4; lastKnownFileType = sourcecode.c.objc; path = APCVVTextField.m; sourceTree = "<group>"; };
		B6553D53F5651A9A58FD0F0B /* APCountryRegexProvider.h */ = {isa = PBXFileReference; fileEncoding = 4; lastKnownFileType = sourcecode.c.h; path = APCountryRegexProvider.h; sourceTree = "<group>"; };
		B6553E31064586C50D75B165 /* APEqualValidatorTests.m */ = {isa = PBXFileReference; fileEncoding = 4; lastKnownFileType = sourcecode.c.objc; path = APEqualValidatorTests.m; sourceTree = "<group>"; };
		B6553ECDF9ACD6CD4225D379 /* UITextView+APValidators.h */ = {isa = PBXFileReference; fileEncoding = 4; lastKnownFileType = sourcecode.c.h; path = "UITextView+APValidators.h"; sourceTree = "<group>"; };
		B6553F018ECE740121A124B4 /* NSPredicate+APValidators.h */ = {isa = PBXFileReference; fileEncoding = 4; lastKnownFileType = sourcecode.c.h; path = "NSPredicate+APValidators.h"; sourceTree = "<group>"; };
		B6553F073C7E5C42E95E294D /* APViewController.m */ = {isa = PBXFileReference; fileEncoding = 4; lastKnownFileType = sourcecode.c.objc; path = APViewController.m; sourceTree = "<group>"; };
		B6553FC0CCD39A03E5091652 /* APZipValidator.m */ = {isa = PBXFileReference; fileEncoding = 4; lastKnownFileType = sourcecode.c.objc; path = APZipValidator.m; sourceTree = "<group>"; };
		B6C1921ACDFD8AC89BAC7463 /* Pods-APValidators_Tests.release.xcconfig */ = {isa = PBXFileReference; includeInIndex = 1; lastKnownFileType = text.xcconfig; name = "Pods-APValidators_Tests.release.xcconfig"; path = "Pods/Target Support Files/Pods-APValidators_Tests/Pods-APValidators_Tests.release.xcconfig"; sourceTree = "<group>"; };
		EF64A6E8928B3DA19F2604D9 /* APValidators.podspec */ = {isa = PBXFileReference; includeInIndex = 1; lastKnownFileType = text; name = APValidators.podspec; path = ../APValidators.podspec; sourceTree = "<group>"; };
/* End PBXFileReference section */

/* Begin PBXFrameworksBuildPhase section */
		6003F587195388D20070C39A /* Frameworks */ = {
			isa = PBXFrameworksBuildPhase;
			buildActionMask = 2147483647;
			files = (
				6003F590195388D20070C39A /* CoreGraphics.framework in Frameworks */,
				6003F592195388D20070C39A /* UIKit.framework in Frameworks */,
				6003F58E195388D20070C39A /* Foundation.framework in Frameworks */,
			);
			runOnlyForDeploymentPostprocessing = 0;
		};
		6003F5AB195388D20070C39A /* Frameworks */ = {
			isa = PBXFrameworksBuildPhase;
			buildActionMask = 2147483647;
			files = (
				6003F5B0195388D20070C39A /* XCTest.framework in Frameworks */,
				6003F5B2195388D20070C39A /* UIKit.framework in Frameworks */,
				6003F5B1195388D20070C39A /* Foundation.framework in Frameworks */,
				39AC69C72FD54216405BA482 /* Pods_APValidators_Tests.framework in Frameworks */,
			);
			runOnlyForDeploymentPostprocessing = 0;
		};
/* End PBXFrameworksBuildPhase section */

/* Begin PBXGroup section */
		6003F581195388D10070C39A = {
			isa = PBXGroup;
			children = (
				716CBD461C970FAF00C02C33 /* Pod */,
				60FF7A9C1954A5C5007DD14C /* Podspec Metadata */,
				6003F593195388D20070C39A /* Example for APValidators */,
				6003F5B5195388D20070C39A /* Tests */,
				6003F58C195388D20070C39A /* Frameworks */,
				6003F58B195388D20070C39A /* Products */,
				684A40262114DE0CC34ED0DE /* Pods */,
			);
			sourceTree = "<group>";
		};
		6003F58B195388D20070C39A /* Products */ = {
			isa = PBXGroup;
			children = (
				6003F58A195388D20070C39A /* APValidators_Example.app */,
				6003F5AE195388D20070C39A /* APValidators_Tests.xctest */,
			);
			name = Products;
			sourceTree = "<group>";
		};
		6003F58C195388D20070C39A /* Frameworks */ = {
			isa = PBXGroup;
			children = (
				6003F58D195388D20070C39A /* Foundation.framework */,
				6003F58F195388D20070C39A /* CoreGraphics.framework */,
				6003F591195388D20070C39A /* UIKit.framework */,
				6003F5AF195388D20070C39A /* XCTest.framework */,
				1604A375057A9C7A1D15BCA4 /* Pods_APValidators_Tests.framework */,
			);
			name = Frameworks;
			sourceTree = "<group>";
		};
		6003F593195388D20070C39A /* Example for APValidators */ = {
			isa = PBXGroup;
			children = (
				6003F59C195388D20070C39A /* APAppDelegate.h */,
				6003F59D195388D20070C39A /* APAppDelegate.m */,
				873B8AEA1B1F5CCA007FD442 /* Main.storyboard */,
				7136EB2E1C96F999006F1EBA /* Launch Screen.storyboard */,
				6003F5A8195388D20070C39A /* Images.xcassets */,
				6003F594195388D20070C39A /* Supporting Files */,
				B655367C0068FFC04EE3864D /* ViewControllers */,
				B65539CD5DA1FBC8DF60478A /* Helpers */,
				B65531063052B1FE9BFF5E6C /* View */,
				B6553F96684EE51D3CC11DE9 /* Categories */,
			);
			name = "Example for APValidators";
			path = APValidators;
			sourceTree = "<group>";
		};
		6003F594195388D20070C39A /* Supporting Files */ = {
			isa = PBXGroup;
			children = (
				6003F595195388D20070C39A /* APValidators-Info.plist */,
				6003F596195388D20070C39A /* InfoPlist.strings */,
				6003F599195388D20070C39A /* main.m */,
				6003F59B195388D20070C39A /* APValidators-Prefix.pch */,
			);
			name = "Supporting Files";
			sourceTree = "<group>";
		};
		6003F5B5195388D20070C39A /* Tests */ = {
			isa = PBXGroup;
			children = (
				6003F5B6195388D20070C39A /* Supporting Files */,
				B6553139721B7B9F9A0D3481 /* APCountryRegexProviderTests.m */,
				B65536404B19F0DA0CF93613 /* APZipValidatorTests.m */,
				B65533CCF2A0951E5D3CA153 /* APCreditCardValidatorTests.m */,
				B6553C2EAD833891B710E460 /* APStringValidatorTestCase.m */,
				B65530A2E002C675EF73D6FA /* APStringValidatorTestCase.h */,
				B6553C9580574E5570EAA9CE /* APBlockValidatorTests.m */,
				B65530B6B34785C286999A63 /* APCharactersCountValidatorTests.m */,
				B6553A3ABEC2D5322C31DDF4 /* APEmailValidatorTests.m */,
				B65538688F9BFE60244A59C0 /* APRegexValidatorTests.m */,
				B65532338D23C1A1FAABED8D /* APRequiredValidatorTests.m */,
				B655399C81871529BD9FB901 /* APCompoundValidatorTests.m */,
				B65537501B942649A38950F0 /* APValidatorTests.m */,
				B6553E31064586C50D75B165 /* APEqualValidatorTests.m */,
				B6553721054E6EA388E92E5E /* APValidatorsUITextFieldTests.m */,
				B6553B9CE69BF6C7A1FFD1AA /* APValidatorsUITextViewTests.m */,
			);
			path = Tests;
			sourceTree = "<group>";
		};
		6003F5B6195388D20070C39A /* Supporting Files */ = {
			isa = PBXGroup;
			children = (
				6003F5B7195388D20070C39A /* Tests-Info.plist */,
				6003F5B8195388D20070C39A /* InfoPlist.strings */,
				606FC2411953D9B200FFA9A0 /* Tests-Prefix.pch */,
			);
			name = "Supporting Files";
			sourceTree = "<group>";
		};
		60FF7A9C1954A5C5007DD14C /* Podspec Metadata */ = {
			isa = PBXGroup;
			children = (
				EF64A6E8928B3DA19F2604D9 /* APValidators.podspec */,
				0C44145423E492F905A190EA /* README.md */,
				1817A4421B0A40F6CAD4EC0D /* LICENSE */,
			);
			name = "Podspec Metadata";
			sourceTree = "<group>";
		};
		684A40262114DE0CC34ED0DE /* Pods */ = {
			isa = PBXGroup;
			children = (
				598D4B66BCD0A915121EB6F9 /* Pods-APValidators_Tests.debug.xcconfig */,
				B6C1921ACDFD8AC89BAC7463 /* Pods-APValidators_Tests.release.xcconfig */,
			);
			name = Pods;
			sourceTree = "<group>";
		};
		716CBD461C970FAF00C02C33 /* Pod */ = {
			isa = PBXGroup;
			children = (
				716CBD471C970FAF00C02C33 /* Assets */,
				716CBD491C970FAF00C02C33 /* Classes */,
			);
			name = Pod;
			path = ../Pod;
			sourceTree = "<group>";
		};
		716CBD471C970FAF00C02C33 /* Assets */ = {
			isa = PBXGroup;
			children = (
			);
			path = Assets;
			sourceTree = "<group>";
		};
		716CBD491C970FAF00C02C33 /* Classes */ = {
			isa = PBXGroup;
			children = (
				716CBD641C99703400C02C33 /* APEqualStringValidator.h */,
				716CBD651C99703400C02C33 /* APEqualStringValidator.m */,
				716CBD4A1C970FAF00C02C33 /* APCharactersCountValidator.h */,
				716CBD4B1C970FAF00C02C33 /* APCharactersCountValidator.m */,
				716CBD4E1C970FAF00C02C33 /* APCompoundValidator.h */,
				716CBD4F1C970FAF00C02C33 /* APCompoundValidator.m */,
				716CBD501C970FAF00C02C33 /* APCreditCardValidator.h */,
				716CBD511C970FAF00C02C33 /* APCreditCardValidator.m */,
				716CBD521C970FAF00C02C33 /* APEmailValidator.h */,
				716CBD531C970FAF00C02C33 /* APEmailValidator.m */,
				716CBD541C970FAF00C02C33 /* APRegexValidator.h */,
				716CBD551C970FAF00C02C33 /* APRegexValidator.m */,
				716CBD561C970FAF00C02C33 /* APValidator.h */,
				716CBD571C970FAF00C02C33 /* APValidator.m */,
				716CBD581C970FAF00C02C33 /* Categories */,
				B65530AE48524DF93BDDD72A /* APRequiredValidator.m */,
				B6553B2E185C248D5B860336 /* APRequiredValidator.h */,
				B655316B292FBABDEF813059 /* APBlockValidator.m */,
				B655362049D0B57F1E996EC6 /* APBlockValidator.h */,
				B6553FC0CCD39A03E5091652 /* APZipValidator.m */,
				B65536688DBA4CBE51B70E8E /* APZipValidator.h */,
				B6553809A587578A8823A2C5 /* Helpers */,
				B655314226B4427691A69842 /* Private */,
				B655345F83751FE8F168EBFF /* APStringValidator.m */,
				B6553585B534AD271DEEF8A8 /* APStringValidator.h */,
			);
			path = Classes;
			sourceTree = "<group>";
		};
		716CBD581C970FAF00C02C33 /* Categories */ = {
			isa = PBXGroup;
			children = (
				716CBD591C970FAF00C02C33 /* UITextField+APValidators.h */,
				716CBD5A1C970FAF00C02C33 /* UITextField+APValidators.m */,
				B6553C17E26966AC5CAE1112 /* UITextView+APValidators.m */,
				B6553ECDF9ACD6CD4225D379 /* UITextView+APValidators.h */,
				B655338CEA9147E9B765F182 /* NSPredicate+APValidators.m */,
				B6553F018ECE740121A124B4 /* NSPredicate+APValidators.h */,
			);
			path = Categories;
			sourceTree = "<group>";
		};
		B65531063052B1FE9BFF5E6C /* View */ = {
			isa = PBXGroup;
			children = (
				B65534CADDE78DE42E40536B /* APIndicatorView.h */,
				B65537346CFB72499D9D2872 /* APCardExpiresTextField.h */,
				B65533D2AD051C2DC5C6B7A8 /* APCardExpiresTextField.m */,
				B65531FC491768F0C953417D /* APIndicatorView.m */,
				B6553CC52A34271BEEFF1154 /* APCVVTextField.m */,
				B6553817455B8348BBE15914 /* APCVVTextField.h */,
			);
			path = View;
			sourceTree = "<group>";
		};
		B655314226B4427691A69842 /* Private */ = {
			isa = PBXGroup;
			children = (
				B6553C46BA355AF730BE9D6D /* APValidator+SubclassesOnly.m */,
				B6553051497E2C5E98D4EF99 /* APValidator+SubclassesOnly.h */,
			);
			path = Private;
			sourceTree = "<group>";
		};
		B655318684924E79002A654E /* APViewController */ = {
			isa = PBXGroup;
			children = (
				B65534F7EF453C3C5579398A /* APViewController+Alerts.m */,
				B65530FECCE3AA2DF5BC18B4 /* APViewController+Alerts.h */,
			);
			path = APViewController;
			sourceTree = "<group>";
		};
		B655367C0068FFC04EE3864D /* ViewControllers */ = {
			isa = PBXGroup;
			children = (
				B655328725641B60EEB6FBAE /* APViewController.h */,
				B6553F073C7E5C42E95E294D /* APViewController.m */,
			);
			path = ViewControllers;
			sourceTree = "<group>";
		};
		B6553809A587578A8823A2C5 /* Helpers */ = {
			isa = PBXGroup;
			children = (
				B6553DD6C5E6CAF3141A20F5 /* CountryRegexLoader */,
			);
			path = Helpers;
			sourceTree = "<group>";
		};
		B65539CD5DA1FBC8DF60478A /* Helpers */ = {
			isa = PBXGroup;
			children = (
				B6553EA7455B2F9D281C3CC5 /* KeyboardController */,
			);
			path = Helpers;
			sourceTree = "<group>";
		};
		B6553DD6C5E6CAF3141A20F5 /* CountryRegexLoader */ = {
			isa = PBXGroup;
			children = (
				B6553084F937A06C173C51EC /* APCountryRegexProvider.m */,
				B6553D53F5651A9A58FD0F0B /* APCountryRegexProvider.h */,
				71535CA41CBE4B7E00A946D6 /* ZipRegex.plist */,
			);
			path = CountryRegexLoader;
			sourceTree = "<group>";
		};
		B6553EA7455B2F9D281C3CC5 /* KeyboardController */ = {
			isa = PBXGroup;
			children = (
				B65531D54DA0976AD8408C27 /* APKeyboardController.h */,
				B655340E09885D5DA6C77BA4 /* APKeyboardController.m */,
			);
			path = KeyboardController;
			sourceTree = "<group>";
		};
		B6553F96684EE51D3CC11DE9 /* Categories */ = {
			isa = PBXGroup;
			children = (
				B655318684924E79002A654E /* APViewController */,
			);
			path = Categories;
			sourceTree = "<group>";
		};
/* End PBXGroup section */

/* Begin PBXNativeTarget section */
		6003F589195388D20070C39A /* APValidators_Example */ = {
			isa = PBXNativeTarget;
			buildConfigurationList = 6003F5BF195388D20070C39A /* Build configuration list for PBXNativeTarget "APValidators_Example" */;
			buildPhases = (
				6003F586195388D20070C39A /* Sources */,
				6003F587195388D20070C39A /* Frameworks */,
				6003F588195388D20070C39A /* Resources */,
			);
			buildRules = (
			);
			dependencies = (
			);
			name = APValidators_Example;
			productName = APValidators;
			productReference = 6003F58A195388D20070C39A /* APValidators_Example.app */;
			productType = "com.apple.product-type.application";
		};
		6003F5AD195388D20070C39A /* APValidators_Tests */ = {
			isa = PBXNativeTarget;
			buildConfigurationList = 6003F5C2195388D20070C39A /* Build configuration list for PBXNativeTarget "APValidators_Tests" */;
			buildPhases = (
				F36A21B4E61C8849B89E8462 /* Check Pods Manifest.lock */,
				6003F5AA195388D20070C39A /* Sources */,
				6003F5AB195388D20070C39A /* Frameworks */,
				6003F5AC195388D20070C39A /* Resources */,
				EA733E0C14C5ED1EC2690A8F /* Embed Pods Frameworks */,
				B9C2D28C2734E35DD2F281FD /* Copy Pods Resources */,
			);
			buildRules = (
			);
			dependencies = (
				6003F5B4195388D20070C39A /* PBXTargetDependency */,
			);
			name = APValidators_Tests;
			productName = APValidatorsTests;
			productReference = 6003F5AE195388D20070C39A /* APValidators_Tests.xctest */;
			productType = "com.apple.product-type.bundle.unit-test";
		};
/* End PBXNativeTarget section */

/* Begin PBXProject section */
		6003F582195388D10070C39A /* Project object */ = {
			isa = PBXProject;
			attributes = {
				CLASSPREFIX = AP;
				LastUpgradeCheck = 0720;
				ORGANIZATIONNAME = "Nickolay Sheika";
				TargetAttributes = {
					6003F5AD195388D20070C39A = {
						TestTargetID = 6003F589195388D20070C39A;
					};
				};
			};
			buildConfigurationList = 6003F585195388D10070C39A /* Build configuration list for PBXProject "APValidators" */;
			compatibilityVersion = "Xcode 3.2";
			developmentRegion = English;
			hasScannedForEncodings = 0;
			knownRegions = (
				en,
				Base,
			);
			mainGroup = 6003F581195388D10070C39A;
			productRefGroup = 6003F58B195388D20070C39A /* Products */;
			projectDirPath = "";
			projectRoot = "";
			targets = (
				6003F589195388D20070C39A /* APValidators_Example */,
				6003F5AD195388D20070C39A /* APValidators_Tests */,
			);
		};
/* End PBXProject section */

/* Begin PBXResourcesBuildPhase section */
		6003F588195388D20070C39A /* Resources */ = {
			isa = PBXResourcesBuildPhase;
			buildActionMask = 2147483647;
			files = (
				873B8AEB1B1F5CCA007FD442 /* Main.storyboard in Resources */,
				6003F5A9195388D20070C39A /* Images.xcassets in Resources */,
				7136EB2F1C96F999006F1EBA /* Launch Screen.storyboard in Resources */,
				71535CA51CBE4B7E00A946D6 /* ZipRegex.plist in Resources */,
				6003F598195388D20070C39A /* InfoPlist.strings in Resources */,
			);
			runOnlyForDeploymentPostprocessing = 0;
		};
		6003F5AC195388D20070C39A /* Resources */ = {
			isa = PBXResourcesBuildPhase;
			buildActionMask = 2147483647;
			files = (
				6003F5BA195388D20070C39A /* InfoPlist.strings in Resources */,
			);
			runOnlyForDeploymentPostprocessing = 0;
		};
/* End PBXResourcesBuildPhase section */

/* Begin PBXShellScriptBuildPhase section */
		B9C2D28C2734E35DD2F281FD /* Copy Pods Resources */ = {
			isa = PBXShellScriptBuildPhase;
			buildActionMask = 2147483647;
			files = (
			);
			inputPaths = (
			);
			name = "Copy Pods Resources";
			outputPaths = (
			);
			runOnlyForDeploymentPostprocessing = 0;
			shellPath = /bin/sh;
			shellScript = "\"${SRCROOT}/Pods/Target Support Files/Pods-APValidators_Tests/Pods-APValidators_Tests-resources.sh\"\n";
			showEnvVarsInLog = 0;
		};
		EA733E0C14C5ED1EC2690A8F /* Embed Pods Frameworks */ = {
			isa = PBXShellScriptBuildPhase;
			buildActionMask = 2147483647;
			files = (
			);
			inputPaths = (
			);
			name = "Embed Pods Frameworks";
			outputPaths = (
			);
			runOnlyForDeploymentPostprocessing = 0;
			shellPath = /bin/sh;
			shellScript = "\"${SRCROOT}/Pods/Target Support Files/Pods-APValidators_Tests/Pods-APValidators_Tests-frameworks.sh\"\n";
			showEnvVarsInLog = 0;
		};
		F36A21B4E61C8849B89E8462 /* Check Pods Manifest.lock */ = {
			isa = PBXShellScriptBuildPhase;
			buildActionMask = 2147483647;
			files = (
			);
			inputPaths = (
			);
			name = "Check Pods Manifest.lock";
			outputPaths = (
			);
			runOnlyForDeploymentPostprocessing = 0;
			shellPath = /bin/sh;
			shellScript = "diff \"${PODS_ROOT}/../Podfile.lock\" \"${PODS_ROOT}/Manifest.lock\" > /dev/null\nif [[ $? != 0 ]] ; then\n    cat << EOM\nerror: The sandbox is not in sync with the Podfile.lock. Run 'pod install' or update your CocoaPods installation.\nEOM\n    exit 1\nfi\n";
			showEnvVarsInLog = 0;
		};
/* End PBXShellScriptBuildPhase section */

/* Begin PBXSourcesBuildPhase section */
		6003F586195388D20070C39A /* Sources */ = {
			isa = PBXSourcesBuildPhase;
			buildActionMask = 2147483647;
			files = (
				716CBD621C970FAF00C02C33 /* APValidator.m in Sources */,
				6003F59E195388D20070C39A /* APAppDelegate.m in Sources */,
				716CBD611C970FAF00C02C33 /* APRegexValidator.m in Sources */,
				716CBD601C970FAF00C02C33 /* APEmailValidator.m in Sources */,
				716CBD631C970FAF00C02C33 /* UITextField+APValidators.m in Sources */,
				6003F59A195388D20070C39A /* main.m in Sources */,
				716CBD5C1C970FAF00C02C33 /* APCharactersCountValidator.m in Sources */,
				716CBD661C99703400C02C33 /* APEqualStringValidator.m in Sources */,
				B6553EAFE64C1BDA1FC21E99 /* APRequiredValidator.m in Sources */,
				B65537C056E0C164E1926A77 /* UITextView+APValidators.m in Sources */,
				B655368CB1EF87DD5EEAFCE2 /* APCompoundValidator.m in Sources */,
				B65538C377E5601D87EB0CAD /* APCreditCardValidator.m in Sources */,
				B65536C64582DDC95563E5EE /* APBlockValidator.m in Sources */,
				B6553C6CDD1E31E0E459D41D /* APViewController.m in Sources */,
				B6553AC6BB406B959B1DD36D /* APKeyboardController.m in Sources */,
				B65532D0EC3447F6FD4DAD21 /* APZipValidator.m in Sources */,
				B6553ED1D41D5F13D45D1E2C /* APCountryRegexProvider.m in Sources */,
				B65531F151FD57BD7B347DBC /* APCardExpiresTextField.m in Sources */,
				B6553CA4FF57A977650ADCF2 /* APIndicatorView.m in Sources */,
				B6553CFEAE3C90B43336FE9D /* APCVVTextField.m in Sources */,
				B65530AEDF65DBB909104E3B /* APViewController+Alerts.m in Sources */,
				B65536264FE0648C827B00BD /* APValidator+SubclassesOnly.m in Sources */,
				B655318A1D47AD9E4A4CDD97 /* NSPredicate+APValidators.m in Sources */,
				B65530777BC9D87FF5857268 /* APStringValidator.m in Sources */,
			);
			runOnlyForDeploymentPostprocessing = 0;
		};
		6003F5AA195388D20070C39A /* Sources */ = {
			isa = PBXSourcesBuildPhase;
			buildActionMask = 2147483647;
			files = (
				B65530CF57395F19D9952E44 /* APCountryRegexProviderTests.m in Sources */,
				B6553E312870D8AF3A4D3BC2 /* APZipValidatorTests.m in Sources */,
				B655312A8048620D322D0BB2 /* APCreditCardValidatorTests.m in Sources */,
				B65539FD2267326E8BF37F8D /* APStringValidatorTestCase.m in Sources */,
				B6553D4AE3D8A2E9E26E5B8C /* APBlockValidatorTests.m in Sources */,
				B65539F60D47CF2E079EF1DB /* APCharactersCountValidatorTests.m in Sources */,
				B6553D9222228ED18F246DA2 /* APEmailValidatorTests.m in Sources */,
				B65533C11DD3C535B3EFCDBD /* APRegexValidatorTests.m in Sources */,
				B6553C7BFC7C958EB5942028 /* APRequiredValidatorTests.m in Sources */,
				B6553163696DA033BFC70601 /* APCompoundValidatorTests.m in Sources */,
				B65534D3C3C918CFB38158FF /* APValidatorTests.m in Sources */,
				B65538E08B96ED3D3F42C0B0 /* APEqualValidatorTests.m in Sources */,
				B655386BEB86B7F1A198C714 /* APValidatorsUITextFieldTests.m in Sources */,
				B6553ACDF6EAD5A7A289E379 /* APValidatorsUITextViewTests.m in Sources */,
			);
			runOnlyForDeploymentPostprocessing = 0;
		};
/* End PBXSourcesBuildPhase section */

/* Begin PBXTargetDependency section */
		6003F5B4195388D20070C39A /* PBXTargetDependency */ = {
			isa = PBXTargetDependency;
			target = 6003F589195388D20070C39A /* APValidators_Example */;
			targetProxy = 6003F5B3195388D20070C39A /* PBXContainerItemProxy */;
		};
/* End PBXTargetDependency section */

/* Begin PBXVariantGroup section */
		6003F596195388D20070C39A /* InfoPlist.strings */ = {
			isa = PBXVariantGroup;
			children = (
				6003F597195388D20070C39A /* en */,
			);
			name = InfoPlist.strings;
			sourceTree = "<group>";
		};
		6003F5B8195388D20070C39A /* InfoPlist.strings */ = {
			isa = PBXVariantGroup;
			children = (
				6003F5B9195388D20070C39A /* en */,
			);
			name = InfoPlist.strings;
			sourceTree = "<group>";
		};
/* End PBXVariantGroup section */

/* Begin XCBuildConfiguration section */
		6003F5BD195388D20070C39A /* Debug */ = {
			isa = XCBuildConfiguration;
			buildSettings = {
				ALWAYS_SEARCH_USER_PATHS = NO;
				CLANG_CXX_LANGUAGE_STANDARD = "gnu++0x";
				CLANG_CXX_LIBRARY = "libc++";
				CLANG_ENABLE_MODULES = YES;
				CLANG_ENABLE_OBJC_ARC = YES;
				CLANG_WARN_BOOL_CONVERSION = YES;
				CLANG_WARN_CONSTANT_CONVERSION = YES;
				CLANG_WARN_DIRECT_OBJC_ISA_USAGE = YES_ERROR;
				CLANG_WARN_EMPTY_BODY = YES;
				CLANG_WARN_ENUM_CONVERSION = YES;
				CLANG_WARN_INT_CONVERSION = YES;
				CLANG_WARN_OBJC_ROOT_CLASS = YES_ERROR;
				CLANG_WARN__DUPLICATE_METHOD_MATCH = YES;
				"CODE_SIGN_IDENTITY[sdk=iphoneos*]" = "iPhone Developer";
				COPY_PHASE_STRIP = NO;
				ENABLE_TESTABILITY = YES;
				GCC_C_LANGUAGE_STANDARD = gnu99;
				GCC_DYNAMIC_NO_PIC = NO;
				GCC_OPTIMIZATION_LEVEL = 0;
				GCC_PREPROCESSOR_DEFINITIONS = (
					"DEBUG=1",
					"$(inherited)",
				);
				GCC_SYMBOLS_PRIVATE_EXTERN = NO;
				GCC_WARN_64_TO_32_BIT_CONVERSION = YES;
				GCC_WARN_ABOUT_RETURN_TYPE = YES_ERROR;
				GCC_WARN_UNDECLARED_SELECTOR = YES;
				GCC_WARN_UNINITIALIZED_AUTOS = YES_AGGRESSIVE;
				GCC_WARN_UNUSED_FUNCTION = YES;
				GCC_WARN_UNUSED_VARIABLE = YES;
				IPHONEOS_DEPLOYMENT_TARGET = 8.0;
				ONLY_ACTIVE_ARCH = YES;
				SDKROOT = iphoneos;
				TARGETED_DEVICE_FAMILY = "1,2";
			};
			name = Debug;
		};
		6003F5BE195388D20070C39A /* Release */ = {
			isa = XCBuildConfiguration;
			buildSettings = {
				ALWAYS_SEARCH_USER_PATHS = NO;
				CLANG_CXX_LANGUAGE_STANDARD = "gnu++0x";
				CLANG_CXX_LIBRARY = "libc++";
				CLANG_ENABLE_MODULES = YES;
				CLANG_ENABLE_OBJC_ARC = YES;
				CLANG_WARN_BOOL_CONVERSION = YES;
				CLANG_WARN_CONSTANT_CONVERSION = YES;
				CLANG_WARN_DIRECT_OBJC_ISA_USAGE = YES_ERROR;
				CLANG_WARN_EMPTY_BODY = YES;
				CLANG_WARN_ENUM_CONVERSION = YES;
				CLANG_WARN_INT_CONVERSION = YES;
				CLANG_WARN_OBJC_ROOT_CLASS = YES_ERROR;
				CLANG_WARN__DUPLICATE_METHOD_MATCH = YES;
				"CODE_SIGN_IDENTITY[sdk=iphoneos*]" = "iPhone Developer";
				COPY_PHASE_STRIP = YES;
				ENABLE_NS_ASSERTIONS = NO;
				GCC_C_LANGUAGE_STANDARD = gnu99;
				GCC_WARN_64_TO_32_BIT_CONVERSION = YES;
				GCC_WARN_ABOUT_RETURN_TYPE = YES_ERROR;
				GCC_WARN_UNDECLARED_SELECTOR = YES;
				GCC_WARN_UNINITIALIZED_AUTOS = YES_AGGRESSIVE;
				GCC_WARN_UNUSED_FUNCTION = YES;
				GCC_WARN_UNUSED_VARIABLE = YES;
				IPHONEOS_DEPLOYMENT_TARGET = 8.0;
				SDKROOT = iphoneos;
				TARGETED_DEVICE_FAMILY = "1,2";
				VALIDATE_PRODUCT = YES;
			};
			name = Release;
		};
		6003F5C0195388D20070C39A /* Debug */ = {
			isa = XCBuildConfiguration;
			buildSettings = {
				ASSETCATALOG_COMPILER_APPICON_NAME = AppIcon;
				ASSETCATALOG_COMPILER_LAUNCHIMAGE_NAME = LaunchImage;
				GCC_PRECOMPILE_PREFIX_HEADER = YES;
				GCC_PREFIX_HEADER = "APValidators/APValidators-Prefix.pch";
				INFOPLIST_FILE = "APValidators/APValidators-Info.plist";
				IPHONEOS_DEPLOYMENT_TARGET = 8.0;
				MODULE_NAME = ExampleApp;
				PRODUCT_BUNDLE_IDENTIFIER = "org.cocoapods.demo.${PRODUCT_NAME:rfc1034identifier}";
				PRODUCT_NAME = "$(TARGET_NAME)";
				TARGETED_DEVICE_FAMILY = 1;
				WRAPPER_EXTENSION = app;
			};
			name = Debug;
		};
		6003F5C1195388D20070C39A /* Release */ = {
			isa = XCBuildConfiguration;
			buildSettings = {
				ASSETCATALOG_COMPILER_APPICON_NAME = AppIcon;
				ASSETCATALOG_COMPILER_LAUNCHIMAGE_NAME = LaunchImage;
				GCC_PRECOMPILE_PREFIX_HEADER = YES;
				GCC_PREFIX_HEADER = "APValidators/APValidators-Prefix.pch";
				INFOPLIST_FILE = "APValidators/APValidators-Info.plist";
				IPHONEOS_DEPLOYMENT_TARGET = 8.0;
				MODULE_NAME = ExampleApp;
				PRODUCT_BUNDLE_IDENTIFIER = "org.cocoapods.demo.${PRODUCT_NAME:rfc1034identifier}";
				PRODUCT_NAME = "$(TARGET_NAME)";
				TARGETED_DEVICE_FAMILY = 1;
				WRAPPER_EXTENSION = app;
			};
			name = Release;
		};
		6003F5C3195388D20070C39A /* Debug */ = {
			isa = XCBuildConfiguration;
			baseConfigurationReference = 598D4B66BCD0A915121EB6F9 /* Pods-APValidators_Tests.debug.xcconfig */;
			buildSettings = {
				BUNDLE_LOADER = "$(TEST_HOST)";
				FRAMEWORK_SEARCH_PATHS = (
					"$(SDKROOT)/Developer/Library/Frameworks",
					"$(inherited)",
					"$(DEVELOPER_FRAMEWORKS_DIR)",
				);
				GCC_PRECOMPILE_PREFIX_HEADER = YES;
				GCC_PREFIX_HEADER = "Tests/Tests-Prefix.pch";
				GCC_PREPROCESSOR_DEFINITIONS = (
					"DEBUG=1",
					"$(inherited)",
				);
				INFOPLIST_FILE = "Tests/Tests-Info.plist";
				PRODUCT_BUNDLE_IDENTIFIER = "org.cocoapods.demo.${PRODUCT_NAME:rfc1034identifier}";
				PRODUCT_NAME = "$(TARGET_NAME)";
				TEST_HOST = "$(BUILT_PRODUCTS_DIR)/APValidators_Example.app/APValidators_Example";
				WRAPPER_EXTENSION = xctest;
			};
			name = Debug;
		};
		6003F5C4195388D20070C39A /* Release */ = {
			isa = XCBuildConfiguration;
			baseConfigurationReference = B6C1921ACDFD8AC89BAC7463 /* Pods-APValidators_Tests.release.xcconfig */;
			buildSettings = {
				BUNDLE_LOADER = "$(TEST_HOST)";
				FRAMEWORK_SEARCH_PATHS = (
					"$(SDKROOT)/Developer/Library/Frameworks",
					"$(inherited)",
					"$(DEVELOPER_FRAMEWORKS_DIR)",
				);
				GCC_PRECOMPILE_PREFIX_HEADER = YES;
				GCC_PREFIX_HEADER = "Tests/Tests-Prefix.pch";
				INFOPLIST_FILE = "Tests/Tests-Info.plist";
				PRODUCT_BUNDLE_IDENTIFIER = "org.cocoapods.demo.${PRODUCT_NAME:rfc1034identifier}";
				PRODUCT_NAME = "$(TARGET_NAME)";
				TEST_HOST = "$(BUILT_PRODUCTS_DIR)/APValidators_Example.app/APValidators_Example";
				WRAPPER_EXTENSION = xctest;
			};
			name = Release;
		};
/* End XCBuildConfiguration section */

/* Begin XCConfigurationList section */
		6003F585195388D10070C39A /* Build configuration list for PBXProject "APValidators" */ = {
			isa = XCConfigurationList;
			buildConfigurations = (
				6003F5BD195388D20070C39A /* Debug */,
				6003F5BE195388D20070C39A /* Release */,
			);
			defaultConfigurationIsVisible = 0;
			defaultConfigurationName = Release;
		};
		6003F5BF195388D20070C39A /* Build configuration list for PBXNativeTarget "APValidators_Example" */ = {
			isa = XCConfigurationList;
			buildConfigurations = (
				6003F5C0195388D20070C39A /* Debug */,
				6003F5C1195388D20070C39A /* Release */,
			);
			defaultConfigurationIsVisible = 0;
			defaultConfigurationName = Release;
		};
		6003F5C2195388D20070C39A /* Build configuration list for PBXNativeTarget "APValidators_Tests" */ = {
			isa = XCConfigurationList;
			buildConfigurations = (
				6003F5C3195388D20070C39A /* Debug */,
				6003F5C4195388D20070C39A /* Release */,
			);
			defaultConfigurationIsVisible = 0;
			defaultConfigurationName = Release;
		};
/* End XCConfigurationList section */
	};
	rootObject = 6003F582195388D10070C39A /* Project object */;
}
